
Microsoft Visual Studio Solution File, Format Version 12.00
# Visual Studio Version 17
VisualStudioVersion = 17.8.34525.116
MinimumVisualStudioVersion = 10.0.40219.1
Project("{FAE04EC0-301F-11D3-BF4B-00C04F79EFBC}") = "SomeBot", "SomeBot\SomeBot.csproj", "{2353BD6A-FBE1-49E9-B6D3-C4C0421FC410}"
EndProject
Global
	GlobalSection(SolutionConfigurationPlatforms) = preSolution
		Debug|Any CPU = Debug|Any CPU
		Release|Any CPU = Release|Any CPU
	EndGlobalSection
	GlobalSection(ProjectConfigurationPlatforms) = postSolution
		{2353BD6A-FBE1-49E9-B6D3-C4C0421FC410}.Debug|Any CPU.ActiveCfg = Debug|Any CPU
		{2353BD6A-FBE1-49E9-B6D3-C4C0421FC410}.Debug|Any CPU.Build.0 = Debug|Any CPU
		{2353BD6A-FBE1-49E9-B6D3-C4C0421FC410}.Release|Any CPU.ActiveCfg = Release|Any CPU
		{2353BD6A-FBE1-49E9-B6D3-C4C0421FC410}.Release|Any CPU.Build.0 = Release|Any CPU
	EndGlobalSection
	GlobalSection(SolutionProperties) = preSolution
		HideSolutionNode = FALSE
	EndGlobalSection
	GlobalSection(ExtensibilityGlobals) = postSolution
		SolutionGuid = {1354D339-BA6B-4161-8C87-8B718C72560E}
	EndGlobalSection
EndGlobal
